
Microsoft Visual Studio Solution File, Format Version 12.00
# Visual Studio Version 17
VisualStudioVersion = 17.2.32630.192
MinimumVisualStudioVersion = 10.0.40219.1
Project("{9A19103F-16F7-4668-BE54-9A1E7A4F7556}") = "F10Y.L0003.Construction", "F10Y.L0003.Construction\F10Y.L0003.Construction.csproj", "{AA7B3D64-7FAA-4615-8DB3-88EE247156E9}"
EndProject
Project("{9A19103F-16F7-4668-BE54-9A1E7A4F7556}") = "F10Y.L0003", "F10Y.L0003\F10Y.L0003.csproj", "{2A167479-9D1B-4773-BF3E-CC80DC809CC5}"
EndProject
Project("{2150E333-8FDC-42A3-9474-1A3956D46DE8}") = "_Dependencies", "_Dependencies", "{50924E37-95DE-47FD-82B5-B92DF284CE24}"
EndProject
Project("{9A19103F-16F7-4668-BE54-9A1E7A4F7556}") = "F10Y.L0000", "..\..\F10Y.L0000\source\F10Y.L0000\F10Y.L0000.csproj", "{CF0ED34B-6814-46BE-BCC4-2F1CA8360FD4}"
EndProject
Project("{9A19103F-16F7-4668-BE54-9A1E7A4F7556}") = "F10Y.T0000", "..\..\F10Y.T0000\source\F10Y.T0000\F10Y.T0000.csproj", "{E2E231AF-29E2-410A-A3F0-DD178AB94BD2}"
EndProject
Project("{9A19103F-16F7-4668-BE54-9A1E7A4F7556}") = "F10Y.T0001", "..\..\F10Y.T0001\source\F10Y.T0001\F10Y.T0001.csproj", "{B981A94B-56B7-4EA6-9195-A3FA34588A2A}"
EndProject
Project("{9A19103F-16F7-4668-BE54-9A1E7A4F7556}") = "F10Y.T0002", "..\..\F10Y.T0002\source\F10Y.T0002\F10Y.T0002.csproj", "{1F6D5E98-5445-4A04-A472-8B090023EECE}"
EndProject
Project("{9A19103F-16F7-4668-BE54-9A1E7A4F7556}") = "F10Y.T0003", "..\..\F10Y.T0003\source\F10Y.T0003\F10Y.T0003.csproj", "{E631A2B1-08E2-4AF8-BEBF-F81F13A44C7C}"
EndProject
Project("{9A19103F-16F7-4668-BE54-9A1E7A4F7556}") = "F10Y.T0004", "..\..\F10Y.T0004\source\F10Y.T0004\F10Y.T0004.csproj", "{52F12772-A31D-4DF4-949A-EC3E52F117E1}"
EndProject
Project("{9A19103F-16F7-4668-BE54-9A1E7A4F7556}") = "F10Y.Y0000", "..\..\F10Y.Y0000\source\F10Y.Y0000\F10Y.Y0000.csproj", "{32CAF4E2-CE1E-4E4A-A976-DDE812D5BF72}"
EndProject
Global
	GlobalSection(NestedProjects) = preSolution
		{CF0ED34B-6814-46BE-BCC4-2F1CA8360FD4} = {50924E37-95DE-47FD-82B5-B92DF284CE24}
		{E2E231AF-29E2-410A-A3F0-DD178AB94BD2} = {50924E37-95DE-47FD-82B5-B92DF284CE24}
		{B981A94B-56B7-4EA6-9195-A3FA34588A2A} = {50924E37-95DE-47FD-82B5-B92DF284CE24}
		{1F6D5E98-5445-4A04-A472-8B090023EECE} = {50924E37-95DE-47FD-82B5-B92DF284CE24}
		{E631A2B1-08E2-4AF8-BEBF-F81F13A44C7C} = {50924E37-95DE-47FD-82B5-B92DF284CE24}
		{52F12772-A31D-4DF4-949A-EC3E52F117E1} = {50924E37-95DE-47FD-82B5-B92DF284CE24}
		{32CAF4E2-CE1E-4E4A-A976-DDE812D5BF72} = {50924E37-95DE-47FD-82B5-B92DF284CE24}
	EndGlobalSection
	GlobalSection(SolutionConfigurationPlatforms) = preSolution
		Debug|Any CPU = Debug|Any CPU
		Release|Any CPU = Release|Any CPU
	EndGlobalSection
	GlobalSection(ProjectConfigurationPlatforms) = postSolution
		{AA7B3D64-7FAA-4615-8DB3-88EE247156E9}.Debug|Any CPU.ActiveCfg = Debug|Any CPU
		{AA7B3D64-7FAA-4615-8DB3-88EE247156E9}.Debug|Any CPU.Build.0 = Debug|Any CPU
		{AA7B3D64-7FAA-4615-8DB3-88EE247156E9}.Release|Any CPU.ActiveCfg = Release|Any CPU
		{AA7B3D64-7FAA-4615-8DB3-88EE247156E9}.Release|Any CPU.Build.0 = Release|Any CPU
		{2A167479-9D1B-4773-BF3E-CC80DC809CC5}.Debug|Any CPU.ActiveCfg = Debug|Any CPU
		{2A167479-9D1B-4773-BF3E-CC80DC809CC5}.Debug|Any CPU.Build.0 = Debug|Any CPU
		{2A167479-9D1B-4773-BF3E-CC80DC809CC5}.Release|Any CPU.ActiveCfg = Release|Any CPU
		{2A167479-9D1B-4773-BF3E-CC80DC809CC5}.Release|Any CPU.Build.0 = Release|Any CPU
		{CF0ED34B-6814-46BE-BCC4-2F1CA8360FD4}.Debug|Any CPU.ActiveCfg = Debug|Any CPU
		{CF0ED34B-6814-46BE-BCC4-2F1CA8360FD4}.Debug|Any CPU.Build.0 = Debug|Any CPU
		{CF0ED34B-6814-46BE-BCC4-2F1CA8360FD4}.Release|Any CPU.ActiveCfg = Release|Any CPU
		{CF0ED34B-6814-46BE-BCC4-2F1CA8360FD4}.Release|Any CPU.Build.0 = Release|Any CPU
		{E2E231AF-29E2-410A-A3F0-DD178AB94BD2}.Debug|Any CPU.ActiveCfg = Debug|Any CPU
		{E2E231AF-29E2-410A-A3F0-DD178AB94BD2}.Debug|Any CPU.Build.0 = Debug|Any CPU
		{E2E231AF-29E2-410A-A3F0-DD178AB94BD2}.Release|Any CPU.ActiveCfg = Release|Any CPU
		{E2E231AF-29E2-410A-A3F0-DD178AB94BD2}.Release|Any CPU.Build.0 = Release|Any CPU
		{B981A94B-56B7-4EA6-9195-A3FA34588A2A}.Debug|Any CPU.ActiveCfg = Debug|Any CPU
		{B981A94B-56B7-4EA6-9195-A3FA34588A2A}.Debug|Any CPU.Build.0 = Debug|Any CPU
		{B981A94B-56B7-4EA6-9195-A3FA34588A2A}.Release|Any CPU.ActiveCfg = Release|Any CPU
		{B981A94B-56B7-4EA6-9195-A3FA34588A2A}.Release|Any CPU.Build.0 = Release|Any CPU
		{1F6D5E98-5445-4A04-A472-8B090023EECE}.Debug|Any CPU.ActiveCfg = Debug|Any CPU
		{1F6D5E98-5445-4A04-A472-8B090023EECE}.Debug|Any CPU.Build.0 = Debug|Any CPU
		{1F6D5E98-5445-4A04-A472-8B090023EECE}.Release|Any CPU.ActiveCfg = Release|Any CPU
		{1F6D5E98-5445-4A04-A472-8B090023EECE}.Release|Any CPU.Build.0 = Release|Any CPU
		{E631A2B1-08E2-4AF8-BEBF-F81F13A44C7C}.Debug|Any CPU.ActiveCfg = Debug|Any CPU
		{E631A2B1-08E2-4AF8-BEBF-F81F13A44C7C}.Debug|Any CPU.Build.0 = Debug|Any CPU
		{E631A2B1-08E2-4AF8-BEBF-F81F13A44C7C}.Release|Any CPU.ActiveCfg = Release|Any CPU
		{E631A2B1-08E2-4AF8-BEBF-F81F13A44C7C}.Release|Any CPU.Build.0 = Release|Any CPU
		{52F12772-A31D-4DF4-949A-EC3E52F117E1}.Debug|Any CPU.ActiveCfg = Debug|Any CPU
		{52F12772-A31D-4DF4-949A-EC3E52F117E1}.Debug|Any CPU.Build.0 = Debug|Any CPU
		{52F12772-A31D-4DF4-949A-EC3E52F117E1}.Release|Any CPU.ActiveCfg = Release|Any CPU
		{52F12772-A31D-4DF4-949A-EC3E52F117E1}.Release|Any CPU.Build.0 = Release|Any CPU
		{32CAF4E2-CE1E-4E4A-A976-DDE812D5BF72}.Debug|Any CPU.ActiveCfg = Debug|Any CPU
		{32CAF4E2-CE1E-4E4A-A976-DDE812D5BF72}.Debug|Any CPU.Build.0 = Debug|Any CPU
		{32CAF4E2-CE1E-4E4A-A976-DDE812D5BF72}.Release|Any CPU.ActiveCfg = Release|Any CPU
		{32CAF4E2-CE1E-4E4A-A976-DDE812D5BF72}.Release|Any CPU.Build.0 = Release|Any CPU
	EndGlobalSection
	GlobalSection(SolutionProperties) = preSolution
		HideSolutionNode = FALSE
	EndGlobalSection
	GlobalSection(ExtensibilityGlobals) = postSolution
		SolutionGuid = {2D530429-941A-4F73-88A4-AADDC86EDC78}
	EndGlobalSection
EndGlobal
